
Microsoft Visual Studio Solution File, Format Version 12.00
# Visual Studio Version 17
VisualStudioVersion = 17.6.33829.357
MinimumVisualStudioVersion = 10.0.40219.1
Project("{FAE04EC0-301F-11D3-BF4B-00C04F79EFBC}") = "asp2-constient", "asp2-constient.csproj", "{204575A7-7388-4361-BEAA-AA6C0804DF4E}"
EndProject
Global
	GlobalSection(SolutionConfigurationPlatforms) = preSolution
		Debug|Any CPU = Debug|Any CPU
		Release|Any CPU = Release|Any CPU
	EndGlobalSection
	GlobalSection(ProjectConfigurationPlatforms) = postSolution
		{204575A7-7388-4361-BEAA-AA6C0804DF4E}.Debug|Any CPU.ActiveCfg = Debug|Any CPU
		{204575A7-7388-4361-BEAA-AA6C0804DF4E}.Debug|Any CPU.Build.0 = Debug|Any CPU
		{204575A7-7388-4361-BEAA-AA6C0804DF4E}.Release|Any CPU.ActiveCfg = Release|Any CPU
		{204575A7-7388-4361-BEAA-AA6C0804DF4E}.Release|Any CPU.Build.0 = Release|Any CPU
	EndGlobalSection
	GlobalSection(SolutionProperties) = preSolution
		HideSolutionNode = FALSE
	EndGlobalSection
	GlobalSection(ExtensibilityGlobals) = postSolution
		SolutionGuid = {F39A0C23-4F14-44A2-96D9-131B43D0D2E0}
	EndGlobalSection
EndGlobal
